
Microsoft Visual Studio Solution File, Format Version 12.00
# Visual Studio Version 16
VisualStudioVersion = 16.0.34031.81
MinimumVisualStudioVersion = 10.0.40219.1
Project("{FAE04EC0-301F-11D3-BF4B-00C04F79EFBC}") = "Actividad1_P2_CRUD.Android", "Actividad1_P2_CRUD.Android\Actividad1_P2_CRUD.Android.csproj", "{C3671A23-CE45-42AA-9F2A-3BD5036A75F5}"
EndProject
Project("{FAE04EC0-301F-11D3-BF4B-00C04F79EFBC}") = "Actividad1_P2_CRUD", "Actividad1_P2_CRUD\Actividad1_P2_CRUD.csproj", "{5C0012E9-9916-4D1C-8189-B2816E31A5CA}"
EndProject
Global
	GlobalSection(SolutionConfigurationPlatforms) = preSolution
		Debug|Any CPU = Debug|Any CPU
		Release|Any CPU = Release|Any CPU
	EndGlobalSection
	GlobalSection(ProjectConfigurationPlatforms) = postSolution
		{C3671A23-CE45-42AA-9F2A-3BD5036A75F5}.Debug|Any CPU.ActiveCfg = Debug|Any CPU
		{C3671A23-CE45-42AA-9F2A-3BD5036A75F5}.Debug|Any CPU.Build.0 = Debug|Any CPU
		{C3671A23-CE45-42AA-9F2A-3BD5036A75F5}.Debug|Any CPU.Deploy.0 = Debug|Any CPU
		{C3671A23-CE45-42AA-9F2A-3BD5036A75F5}.Release|Any CPU.ActiveCfg = Release|Any CPU
		{C3671A23-CE45-42AA-9F2A-3BD5036A75F5}.Release|Any CPU.Build.0 = Release|Any CPU
		{C3671A23-CE45-42AA-9F2A-3BD5036A75F5}.Release|Any CPU.Deploy.0 = Release|Any CPU
		{5C0012E9-9916-4D1C-8189-B2816E31A5CA}.Debug|Any CPU.ActiveCfg = Debug|Any CPU
		{5C0012E9-9916-4D1C-8189-B2816E31A5CA}.Debug|Any CPU.Build.0 = Debug|Any CPU
		{5C0012E9-9916-4D1C-8189-B2816E31A5CA}.Debug|Any CPU.Deploy.0 = Debug|Any CPU
		{5C0012E9-9916-4D1C-8189-B2816E31A5CA}.Release|Any CPU.ActiveCfg = Release|Any CPU
		{5C0012E9-9916-4D1C-8189-B2816E31A5CA}.Release|Any CPU.Build.0 = Release|Any CPU
		{5C0012E9-9916-4D1C-8189-B2816E31A5CA}.Release|Any CPU.Deploy.0 = Release|Any CPU
	EndGlobalSection
	GlobalSection(SolutionProperties) = preSolution
		HideSolutionNode = FALSE
	EndGlobalSection
	GlobalSection(ExtensibilityGlobals) = postSolution
		SolutionGuid = {852AAF86-225C-47E8-B15C-427DF68E63A9}
	EndGlobalSection
EndGlobal
